
Microsoft Visual Studio Solution File, Format Version 12.00
# Visual Studio Version 17
VisualStudioVersion = 17.0.31903.59
MinimumVisualStudioVersion = 10.0.40219.1
Project("{FAE04EC0-301F-11D3-BF4B-00C04F79EFBC}") = "warehouseManagementSystem.Domain", "WarehouseMngmtSys.Domain\warehouseManagementSystem.Domain.csproj", "{7E35433A-7ACF-40B5-93FA-6B42EB936A8B}"
EndProject
Project("{FAE04EC0-301F-11D3-BF4B-00C04F79EFBC}") = "warehouseManagementSystem.Business", "WarehouseMngmtSys.Business\warehouseManagementSystem.Business.csproj", "{3D74CDF0-F7AE-4F72-9F7B-D1AB1807058F}"
EndProject
Project("{FAE04EC0-301F-11D3-BF4B-00C04F79EFBC}") = "warehouseManagementSystem", "WarehouseMngmtSys\warehouseManagementSystem.csproj", "{F9928571-8F15-4EA1-AC53-B4F369A4873B}"
EndProject
Project("{FAE04EC0-301F-11D3-BF4B-00C04F79EFBC}") = "warehouseManagementSystem.Web", "WarehouseMngmtSys.Web\warehouseManagementSystem.Web.csproj", "{DDE06CC9-6291-4A19-9C23-887C3E687582}"
EndProject
Project("{FAE04EC0-301F-11D3-BF4B-00C04F79EFBC}") = "warehouseManagementSystem.Infrastructure", "WarehouseMngmtSys.Infrastructure\warehouseManagementSystem.Infrastructure.csproj", "{4F837199-6FA6-4B3E-831C-BBDE84CC4A87}"
EndProject
Project("{FAE04EC0-301F-11D3-BF4B-00C04F79EFBC}") = "warehouseManagementSystem.Web.Tests", "WarehouseMngmtSys.Web.Tests\warehouseManagementSystem.Web.Tests.csproj", "{4FD6D7A6-9C34-42F7-9539-DFB17651551F}"
EndProject
Global
	GlobalSection(SolutionConfigurationPlatforms) = preSolution
		Debug|Any CPU = Debug|Any CPU
		Release|Any CPU = Release|Any CPU
	EndGlobalSection
	GlobalSection(SolutionProperties) = preSolution
		HideSolutionNode = FALSE
	EndGlobalSection
	GlobalSection(ProjectConfigurationPlatforms) = postSolution
		{7E35433A-7ACF-40B5-93FA-6B42EB936A8B}.Debug|Any CPU.ActiveCfg = Debug|Any CPU
		{7E35433A-7ACF-40B5-93FA-6B42EB936A8B}.Debug|Any CPU.Build.0 = Debug|Any CPU
		{7E35433A-7ACF-40B5-93FA-6B42EB936A8B}.Release|Any CPU.ActiveCfg = Release|Any CPU
		{7E35433A-7ACF-40B5-93FA-6B42EB936A8B}.Release|Any CPU.Build.0 = Release|Any CPU
		{3D74CDF0-F7AE-4F72-9F7B-D1AB1807058F}.Debug|Any CPU.ActiveCfg = Debug|Any CPU
		{3D74CDF0-F7AE-4F72-9F7B-D1AB1807058F}.Debug|Any CPU.Build.0 = Debug|Any CPU
		{3D74CDF0-F7AE-4F72-9F7B-D1AB1807058F}.Release|Any CPU.ActiveCfg = Release|Any CPU
		{3D74CDF0-F7AE-4F72-9F7B-D1AB1807058F}.Release|Any CPU.Build.0 = Release|Any CPU
		{F9928571-8F15-4EA1-AC53-B4F369A4873B}.Debug|Any CPU.ActiveCfg = Debug|Any CPU
		{F9928571-8F15-4EA1-AC53-B4F369A4873B}.Debug|Any CPU.Build.0 = Debug|Any CPU
		{F9928571-8F15-4EA1-AC53-B4F369A4873B}.Release|Any CPU.ActiveCfg = Release|Any CPU
		{F9928571-8F15-4EA1-AC53-B4F369A4873B}.Release|Any CPU.Build.0 = Release|Any CPU
		{DDE06CC9-6291-4A19-9C23-887C3E687582}.Debug|Any CPU.ActiveCfg = Debug|Any CPU
		{DDE06CC9-6291-4A19-9C23-887C3E687582}.Debug|Any CPU.Build.0 = Debug|Any CPU
		{DDE06CC9-6291-4A19-9C23-887C3E687582}.Release|Any CPU.ActiveCfg = Release|Any CPU
		{DDE06CC9-6291-4A19-9C23-887C3E687582}.Release|Any CPU.Build.0 = Release|Any CPU
		{4F837199-6FA6-4B3E-831C-BBDE84CC4A87}.Debug|Any CPU.ActiveCfg = Debug|Any CPU
		{4F837199-6FA6-4B3E-831C-BBDE84CC4A87}.Debug|Any CPU.Build.0 = Debug|Any CPU
		{4F837199-6FA6-4B3E-831C-BBDE84CC4A87}.Release|Any CPU.ActiveCfg = Release|Any CPU
		{4F837199-6FA6-4B3E-831C-BBDE84CC4A87}.Release|Any CPU.Build.0 = Release|Any CPU
		{4FD6D7A6-9C34-42F7-9539-DFB17651551F}.Debug|Any CPU.ActiveCfg = Debug|Any CPU
		{4FD6D7A6-9C34-42F7-9539-DFB17651551F}.Debug|Any CPU.Build.0 = Debug|Any CPU
		{4FD6D7A6-9C34-42F7-9539-DFB17651551F}.Release|Any CPU.ActiveCfg = Release|Any CPU
		{4FD6D7A6-9C34-42F7-9539-DFB17651551F}.Release|Any CPU.Build.0 = Release|Any CPU
	EndGlobalSection
EndGlobal
